
Microsoft Visual Studio Solution File, Format Version 12.00
# Visual Studio Version 16
VisualStudioVersion = 16.0.810.18
MinimumVisualStudioVersion = 10.0.40219.1
Project("{FAE04EC0-301F-11D3-BF4B-00C04F79EFBC}") = "AmazonBookStore", "AmazonBookStore\AmazonBookStore.csproj", "{721CC07D-D8E6-4B7C-A7D6-4436A8A63D94}"
EndProject
Global
	GlobalSection(SolutionConfigurationPlatforms) = preSolution
		Debug|Any CPU = Debug|Any CPU
		Release|Any CPU = Release|Any CPU
	EndGlobalSection
	GlobalSection(ProjectConfigurationPlatforms) = postSolution
		{721CC07D-D8E6-4B7C-A7D6-4436A8A63D94}.Debug|Any CPU.ActiveCfg = Debug|Any CPU
		{721CC07D-D8E6-4B7C-A7D6-4436A8A63D94}.Debug|Any CPU.Build.0 = Debug|Any CPU
		{721CC07D-D8E6-4B7C-A7D6-4436A8A63D94}.Release|Any CPU.ActiveCfg = Release|Any CPU
		{721CC07D-D8E6-4B7C-A7D6-4436A8A63D94}.Release|Any CPU.Build.0 = Release|Any CPU
	EndGlobalSection
	GlobalSection(SolutionProperties) = preSolution
		HideSolutionNode = FALSE
	EndGlobalSection
	GlobalSection(ExtensibilityGlobals) = postSolution
		SolutionGuid = {3AD4D9D5-CBE1-40E2-8100-FAB9E65159F6}
	EndGlobalSection
EndGlobal
